
Microsoft Visual Studio Solution File, Format Version 12.00
# Visual Studio Version 17
VisualStudioVersion = 17.0.31903.59
MinimumVisualStudioVersion = 10.0.40219.1
Project("{FAE04EC0-301F-11D3-BF4B-00C04F79EFBC}") = "TestPlatform.Playground", "TestPlatform.Playground\TestPlatform.Playground.csproj", "{E66D3884-2393-493D-BE66-50DF99031F2E}"
EndProject
Project("{F2A71F9B-5D33-465A-A702-920D77279786}") = "XUnit.Sample.Tests", "XUnit.Sample.Tests\XUnit.Sample.Tests.fsproj", "{05B9FDD0-4D72-4B0F-9064-0116057B2CD9}"
EndProject
Project("{F2A71F9B-5D33-465A-A702-920D77279786}") = "NUnit.Sample.Tests", "NUnit.Sample.Tests\NUnit.Sample.Tests.fsproj", "{1EF9C0CC-4356-4158-AB10-F439832048BF}"
EndProject
Project("{F2A71F9B-5D33-465A-A702-920D77279786}") = "Expecto.Sample.Tests", "Expecto.Sample.Tests\Expecto.Sample.Tests.fsproj", "{1E8B382E-B144-4B41-B7AF-BF985046DA88}"
EndProject
Project("{F2A71F9B-5D33-465A-A702-920D77279786}") = "MTP.NUnit.Tests", "MTP.NUnit.Tests\MTP.NUnit.Tests.fsproj", "{A2AC0C0A-A5E2-4A86-9A56-75FE334925B7}"
EndProject
Global
	GlobalSection(SolutionConfigurationPlatforms) = preSolution
		Debug|Any CPU = Debug|Any CPU
		Debug|x64 = Debug|x64
		Debug|x86 = Debug|x86
		Release|Any CPU = Release|Any CPU
		Release|x64 = Release|x64
		Release|x86 = Release|x86
	EndGlobalSection
	GlobalSection(ProjectConfigurationPlatforms) = postSolution
		{E66D3884-2393-493D-BE66-50DF99031F2E}.Debug|Any CPU.ActiveCfg = Debug|Any CPU
		{E66D3884-2393-493D-BE66-50DF99031F2E}.Debug|Any CPU.Build.0 = Debug|Any CPU
		{E66D3884-2393-493D-BE66-50DF99031F2E}.Debug|x64.ActiveCfg = Debug|Any CPU
		{E66D3884-2393-493D-BE66-50DF99031F2E}.Debug|x64.Build.0 = Debug|Any CPU
		{E66D3884-2393-493D-BE66-50DF99031F2E}.Debug|x86.ActiveCfg = Debug|Any CPU
		{E66D3884-2393-493D-BE66-50DF99031F2E}.Debug|x86.Build.0 = Debug|Any CPU
		{E66D3884-2393-493D-BE66-50DF99031F2E}.Release|Any CPU.ActiveCfg = Release|Any CPU
		{E66D3884-2393-493D-BE66-50DF99031F2E}.Release|Any CPU.Build.0 = Release|Any CPU
		{E66D3884-2393-493D-BE66-50DF99031F2E}.Release|x64.ActiveCfg = Release|Any CPU
		{E66D3884-2393-493D-BE66-50DF99031F2E}.Release|x64.Build.0 = Release|Any CPU
		{E66D3884-2393-493D-BE66-50DF99031F2E}.Release|x86.ActiveCfg = Release|Any CPU
		{E66D3884-2393-493D-BE66-50DF99031F2E}.Release|x86.Build.0 = Release|Any CPU
		{05B9FDD0-4D72-4B0F-9064-0116057B2CD9}.Debug|Any CPU.ActiveCfg = Debug|Any CPU
		{05B9FDD0-4D72-4B0F-9064-0116057B2CD9}.Debug|Any CPU.Build.0 = Debug|Any CPU
		{05B9FDD0-4D72-4B0F-9064-0116057B2CD9}.Debug|x64.ActiveCfg = Debug|Any CPU
		{05B9FDD0-4D72-4B0F-9064-0116057B2CD9}.Debug|x64.Build.0 = Debug|Any CPU
		{05B9FDD0-4D72-4B0F-9064-0116057B2CD9}.Debug|x86.ActiveCfg = Debug|Any CPU
		{05B9FDD0-4D72-4B0F-9064-0116057B2CD9}.Debug|x86.Build.0 = Debug|Any CPU
		{05B9FDD0-4D72-4B0F-9064-0116057B2CD9}.Release|Any CPU.ActiveCfg = Release|Any CPU
		{05B9FDD0-4D72-4B0F-9064-0116057B2CD9}.Release|Any CPU.Build.0 = Release|Any CPU
		{05B9FDD0-4D72-4B0F-9064-0116057B2CD9}.Release|x64.ActiveCfg = Release|Any CPU
		{05B9FDD0-4D72-4B0F-9064-0116057B2CD9}.Release|x64.Build.0 = Release|Any CPU
		{05B9FDD0-4D72-4B0F-9064-0116057B2CD9}.Release|x86.ActiveCfg = Release|Any CPU
		{05B9FDD0-4D72-4B0F-9064-0116057B2CD9}.Release|x86.Build.0 = Release|Any CPU
		{1EF9C0CC-4356-4158-AB10-F439832048BF}.Debug|Any CPU.ActiveCfg = Debug|Any CPU
		{1EF9C0CC-4356-4158-AB10-F439832048BF}.Debug|Any CPU.Build.0 = Debug|Any CPU
		{1EF9C0CC-4356-4158-AB10-F439832048BF}.Debug|x64.ActiveCfg = Debug|Any CPU
		{1EF9C0CC-4356-4158-AB10-F439832048BF}.Debug|x64.Build.0 = Debug|Any CPU
		{1EF9C0CC-4356-4158-AB10-F439832048BF}.Debug|x86.ActiveCfg = Debug|Any CPU
		{1EF9C0CC-4356-4158-AB10-F439832048BF}.Debug|x86.Build.0 = Debug|Any CPU
		{1EF9C0CC-4356-4158-AB10-F439832048BF}.Release|Any CPU.ActiveCfg = Release|Any CPU
		{1EF9C0CC-4356-4158-AB10-F439832048BF}.Release|Any CPU.Build.0 = Release|Any CPU
		{1EF9C0CC-4356-4158-AB10-F439832048BF}.Release|x64.ActiveCfg = Release|Any CPU
		{1EF9C0CC-4356-4158-AB10-F439832048BF}.Release|x64.Build.0 = Release|Any CPU
		{1EF9C0CC-4356-4158-AB10-F439832048BF}.Release|x86.ActiveCfg = Release|Any CPU
		{1EF9C0CC-4356-4158-AB10-F439832048BF}.Release|x86.Build.0 = Release|Any CPU
		{1E8B382E-B144-4B41-B7AF-BF985046DA88}.Debug|Any CPU.ActiveCfg = Debug|Any CPU
		{1E8B382E-B144-4B41-B7AF-BF985046DA88}.Debug|Any CPU.Build.0 = Debug|Any CPU
		{1E8B382E-B144-4B41-B7AF-BF985046DA88}.Debug|x64.ActiveCfg = Debug|Any CPU
		{1E8B382E-B144-4B41-B7AF-BF985046DA88}.Debug|x64.Build.0 = Debug|Any CPU
		{1E8B382E-B144-4B41-B7AF-BF985046DA88}.Debug|x86.ActiveCfg = Debug|Any CPU
		{1E8B382E-B144-4B41-B7AF-BF985046DA88}.Debug|x86.Build.0 = Debug|Any CPU
		{1E8B382E-B144-4B41-B7AF-BF985046DA88}.Release|Any CPU.ActiveCfg = Release|Any CPU
		{1E8B382E-B144-4B41-B7AF-BF985046DA88}.Release|Any CPU.Build.0 = Release|Any CPU
		{1E8B382E-B144-4B41-B7AF-BF985046DA88}.Release|x64.ActiveCfg = Release|Any CPU
		{1E8B382E-B144-4B41-B7AF-BF985046DA88}.Release|x64.Build.0 = Release|Any CPU
		{1E8B382E-B144-4B41-B7AF-BF985046DA88}.Release|x86.ActiveCfg = Release|Any CPU
		{1E8B382E-B144-4B41-B7AF-BF985046DA88}.Release|x86.Build.0 = Release|Any CPU
		{A2AC0C0A-A5E2-4A86-9A56-75FE334925B7}.Debug|Any CPU.ActiveCfg = Debug|Any CPU
		{A2AC0C0A-A5E2-4A86-9A56-75FE334925B7}.Debug|Any CPU.Build.0 = Debug|Any CPU
		{A2AC0C0A-A5E2-4A86-9A56-75FE334925B7}.Debug|x64.ActiveCfg = Debug|Any CPU
		{A2AC0C0A-A5E2-4A86-9A56-75FE334925B7}.Debug|x64.Build.0 = Debug|Any CPU
		{A2AC0C0A-A5E2-4A86-9A56-75FE334925B7}.Debug|x86.ActiveCfg = Debug|Any CPU
		{A2AC0C0A-A5E2-4A86-9A56-75FE334925B7}.Debug|x86.Build.0 = Debug|Any CPU
		{A2AC0C0A-A5E2-4A86-9A56-75FE334925B7}.Release|Any CPU.ActiveCfg = Release|Any CPU
		{A2AC0C0A-A5E2-4A86-9A56-75FE334925B7}.Release|Any CPU.Build.0 = Release|Any CPU
		{A2AC0C0A-A5E2-4A86-9A56-75FE334925B7}.Release|x64.ActiveCfg = Release|Any CPU
		{A2AC0C0A-A5E2-4A86-9A56-75FE334925B7}.Release|x64.Build.0 = Release|Any CPU
		{A2AC0C0A-A5E2-4A86-9A56-75FE334925B7}.Release|x86.ActiveCfg = Release|Any CPU
		{A2AC0C0A-A5E2-4A86-9A56-75FE334925B7}.Release|x86.Build.0 = Release|Any CPU
	EndGlobalSection
	GlobalSection(SolutionProperties) = preSolution
		HideSolutionNode = FALSE
	EndGlobalSection
	GlobalSection(ExtensibilityGlobals) = postSolution
		SolutionGuid = {2FB80B1E-3BDB-4A38-8081-98DC7E5A8982}
	EndGlobalSection
EndGlobal
